
Microsoft Visual Studio Solution File, Format Version 12.00
# Visual Studio Version 17
VisualStudioVersion = 17.0.32126.317
MinimumVisualStudioVersion = 10.0.40219.1
Project("{8BC9CEB8-8B4A-11D0-8D11-00A0C91BC942}") = "lababa3", "lababa3.vcxproj", "{CD0D20AE-99AF-4822-949E-A04345134EFC}"
EndProject
Project("{8BC9CEB8-8B4A-11D0-8D11-00A0C91BC942}") = "test", "test\test.vcxproj", "{BFB00633-B621-4D3D-8ABF-78DEED254E71}"
EndProject
Global
	GlobalSection(SolutionConfigurationPlatforms) = preSolution
		Debug|x64 = Debug|x64
		Debug|x86 = Debug|x86
		Release|x64 = Release|x64
		Release|x86 = Release|x86
	EndGlobalSection
	GlobalSection(ProjectConfigurationPlatforms) = postSolution
		{CD0D20AE-99AF-4822-949E-A04345134EFC}.Debug|x64.ActiveCfg = Debug|x64
		{CD0D20AE-99AF-4822-949E-A04345134EFC}.Debug|x64.Build.0 = Debug|x64
		{CD0D20AE-99AF-4822-949E-A04345134EFC}.Debug|x86.ActiveCfg = Debug|Win32
		{CD0D20AE-99AF-4822-949E-A04345134EFC}.Debug|x86.Build.0 = Debug|Win32
		{CD0D20AE-99AF-4822-949E-A04345134EFC}.Release|x64.ActiveCfg = Release|x64
		{CD0D20AE-99AF-4822-949E-A04345134EFC}.Release|x64.Build.0 = Release|x64
		{CD0D20AE-99AF-4822-949E-A04345134EFC}.Release|x86.ActiveCfg = Release|Win32
		{CD0D20AE-99AF-4822-949E-A04345134EFC}.Release|x86.Build.0 = Release|Win32
		{BFB00633-B621-4D3D-8ABF-78DEED254E71}.Debug|x64.ActiveCfg = Debug|x64
		{BFB00633-B621-4D3D-8ABF-78DEED254E71}.Debug|x64.Build.0 = Debug|x64
		{BFB00633-B621-4D3D-8ABF-78DEED254E71}.Debug|x86.ActiveCfg = Debug|Win32
		{BFB00633-B621-4D3D-8ABF-78DEED254E71}.Debug|x86.Build.0 = Debug|Win32
		{BFB00633-B621-4D3D-8ABF-78DEED254E71}.Release|x64.ActiveCfg = Release|x64
		{BFB00633-B621-4D3D-8ABF-78DEED254E71}.Release|x64.Build.0 = Release|x64
		{BFB00633-B621-4D3D-8ABF-78DEED254E71}.Release|x86.ActiveCfg = Release|Win32
		{BFB00633-B621-4D3D-8ABF-78DEED254E71}.Release|x86.Build.0 = Release|Win32
	EndGlobalSection
	GlobalSection(SolutionProperties) = preSolution
		HideSolutionNode = FALSE
	EndGlobalSection
	GlobalSection(ExtensibilityGlobals) = postSolution
		SolutionGuid = {320E5E3D-3818-4FBA-B037-77CC15414AEB}
	EndGlobalSection
EndGlobal
